
Microsoft Visual Studio Solution File, Format Version 11.00
# Visual Studio 10
Project("{2150E333-8FDC-42A3-9474-1A3956D46DE8}") = "Solution Items", "Solution Items", "{14CAF7CB-C192-4C74-9F14-09DB0B24B1CC}"
EndProject
Project("{FAE04EC0-301F-11D3-BF4B-00C04F79EFBC}") = "Professions", "Professions\Professions.csproj", "{583EB3D1-D6DF-48D9-AB5B-0927EAA2D1CA}"
EndProject
Project("{FAE04EC0-301F-11D3-BF4B-00C04F79EFBC}") = "ExternalSiteUtils", "ExternalSiteUtils\ExternalSiteUtils.csproj", "{DC87F27A-7470-4A0D-BA28-B8A63C01864F}"
EndProject
Project("{FAE04EC0-301F-11D3-BF4B-00C04F79EFBC}") = "TestExternalSiteUtils", "TestExternalSiteUtils\TestExternalSiteUtils.csproj", "{778C048E-5E3B-4007-9541-6DEE1E9DA2E0}"
EndProject
Project("{FAE04EC0-301F-11D3-BF4B-00C04F79EFBC}") = "ArmoryEquipmentDisplay", "ArmoryEquipmentDisplay\ArmoryEquipmentDisplay.csproj", "{72E4B08D-9B80-42AE-83C9-10A19F39DC5B}"
EndProject
Global
	GlobalSection(SolutionConfigurationPlatforms) = preSolution
		Debug|Any CPU = Debug|Any CPU
		Release|Any CPU = Release|Any CPU
	EndGlobalSection
	GlobalSection(ProjectConfigurationPlatforms) = postSolution
		{583EB3D1-D6DF-48D9-AB5B-0927EAA2D1CA}.Debug|Any CPU.ActiveCfg = Debug|Any CPU
		{583EB3D1-D6DF-48D9-AB5B-0927EAA2D1CA}.Debug|Any CPU.Build.0 = Debug|Any CPU
		{583EB3D1-D6DF-48D9-AB5B-0927EAA2D1CA}.Release|Any CPU.ActiveCfg = Release|Any CPU
		{583EB3D1-D6DF-48D9-AB5B-0927EAA2D1CA}.Release|Any CPU.Build.0 = Release|Any CPU
		{DC87F27A-7470-4A0D-BA28-B8A63C01864F}.Debug|Any CPU.ActiveCfg = Debug|Any CPU
		{DC87F27A-7470-4A0D-BA28-B8A63C01864F}.Debug|Any CPU.Build.0 = Debug|Any CPU
		{DC87F27A-7470-4A0D-BA28-B8A63C01864F}.Release|Any CPU.ActiveCfg = Release|Any CPU
		{DC87F27A-7470-4A0D-BA28-B8A63C01864F}.Release|Any CPU.Build.0 = Release|Any CPU
		{778C048E-5E3B-4007-9541-6DEE1E9DA2E0}.Debug|Any CPU.ActiveCfg = Debug|Any CPU
		{778C048E-5E3B-4007-9541-6DEE1E9DA2E0}.Debug|Any CPU.Build.0 = Debug|Any CPU
		{778C048E-5E3B-4007-9541-6DEE1E9DA2E0}.Release|Any CPU.ActiveCfg = Release|Any CPU
		{778C048E-5E3B-4007-9541-6DEE1E9DA2E0}.Release|Any CPU.Build.0 = Release|Any CPU
		{72E4B08D-9B80-42AE-83C9-10A19F39DC5B}.Debug|Any CPU.ActiveCfg = Debug|Any CPU
		{72E4B08D-9B80-42AE-83C9-10A19F39DC5B}.Debug|Any CPU.Build.0 = Debug|Any CPU
		{72E4B08D-9B80-42AE-83C9-10A19F39DC5B}.Release|Any CPU.ActiveCfg = Release|Any CPU
		{72E4B08D-9B80-42AE-83C9-10A19F39DC5B}.Release|Any CPU.Build.0 = Release|Any CPU
	EndGlobalSection
	GlobalSection(SolutionProperties) = preSolution
		HideSolutionNode = FALSE
	EndGlobalSection
EndGlobal
